
Microsoft Visual Studio Solution File, Format Version 12.00
# Visual Studio Version 16
VisualStudioVersion = 16.0.30709.132
MinimumVisualStudioVersion = 10.0.40219.1
Project("{FAE04EC0-301F-11D3-BF4B-00C04F79EFBC}") = "Cell.Blazor", "Cell.Blazor\Cell.Blazor.csproj", "{E212F8F3-21ED-42DA-BD48-A8AF2DA05023}"
EndProject
Global
	GlobalSection(SolutionConfigurationPlatforms) = preSolution
		Debug|Any CPU = Debug|Any CPU
		Release|Any CPU = Release|Any CPU
	EndGlobalSection
	GlobalSection(ProjectConfigurationPlatforms) = postSolution
		{E212F8F3-21ED-42DA-BD48-A8AF2DA05023}.Debug|Any CPU.ActiveCfg = Debug|Any CPU
		{E212F8F3-21ED-42DA-BD48-A8AF2DA05023}.Debug|Any CPU.Build.0 = Debug|Any CPU
		{E212F8F3-21ED-42DA-BD48-A8AF2DA05023}.Release|Any CPU.ActiveCfg = Release|Any CPU
		{E212F8F3-21ED-42DA-BD48-A8AF2DA05023}.Release|Any CPU.Build.0 = Release|Any CPU
	EndGlobalSection
	GlobalSection(SolutionProperties) = preSolution
		HideSolutionNode = FALSE
	EndGlobalSection
	GlobalSection(ExtensibilityGlobals) = postSolution
		SolutionGuid = {939491D6-0A90-4C7B-A28B-93A26ACAD37F}
	EndGlobalSection
EndGlobal
